
Microsoft Visual Studio Solution File, Format Version 12.00
# Visual Studio Version 17
VisualStudioVersion = 17.5.002.0
MinimumVisualStudioVersion = 10.0.40219.1
Project("{9A19103F-16F7-4668-BE54-9A1E7A4F7556}") = "code-wizards-api", "code-wizards-api.csproj", "{15A3333F-C346-46DB-81FC-9EEC9F79D5A5}"
EndProject
Global
	GlobalSection(SolutionConfigurationPlatforms) = preSolution
		Debug|Any CPU = Debug|Any CPU
		Release|Any CPU = Release|Any CPU
	EndGlobalSection
	GlobalSection(ProjectConfigurationPlatforms) = postSolution
		{15A3333F-C346-46DB-81FC-9EEC9F79D5A5}.Debug|Any CPU.ActiveCfg = Debug|Any CPU
		{15A3333F-C346-46DB-81FC-9EEC9F79D5A5}.Debug|Any CPU.Build.0 = Debug|Any CPU
		{15A3333F-C346-46DB-81FC-9EEC9F79D5A5}.Release|Any CPU.ActiveCfg = Release|Any CPU
		{15A3333F-C346-46DB-81FC-9EEC9F79D5A5}.Release|Any CPU.Build.0 = Release|Any CPU
	EndGlobalSection
	GlobalSection(SolutionProperties) = preSolution
		HideSolutionNode = FALSE
	EndGlobalSection
	GlobalSection(ExtensibilityGlobals) = postSolution
		SolutionGuid = {22FC75C9-793D-4813-8F0A-2EF788663426}
	EndGlobalSection
EndGlobal
